// !$*UTF8*$!
{
	archiveVersion = 1;
	classes = {
	};
	objectVersion = 46;
	objects = {

/* Begin PBXBuildFile section */
		2CA69DAD1A1D65980067579B /* main.m in Sources */ = {isa = PBXBuildFile; fileRef = 2CA69DAC1A1D65980067579B /* main.m */; };
		2CA69DB01A1D65980067579B /* AppDelegate.m in Sources */ = {isa = PBXBuildFile; fileRef = 2CA69DAF1A1D65980067579B /* AppDelegate.m */; };
		2CA69DB31A1D65980067579B /* ViewController.m in Sources */ = {isa = PBXBuildFile; fileRef = 2CA69DB21A1D65980067579B /* ViewController.m */; };
		2CA69DB61A1D65980067579B /* Main.storyboard in Resources */ = {isa = PBXBuildFile; fileRef = 2CA69DB41A1D65980067579B /* Main.storyboard */; };
		2CA69DB81A1D65980067579B /* Images.xcassets in Resources */ = {isa = PBXBuildFile; fileRef = 2CA69DB71A1D65980067579B /* Images.xcassets */; };
		2CA69DBB1A1D65980067579B /* LaunchScreen.xib in Resources */ = {isa = PBXBuildFile; fileRef = 2CA69DB91A1D65980067579B /* LaunchScreen.xib */; };
		2CA69DC71A1D65980067579B /* AutoLayoutExampleTests.m in Sources */ = {isa = PBXBuildFile; fileRef = 2CA69DC61A1D65980067579B /* AutoLayoutExampleTests.m */; };
/* End PBXBuildFile section */

/* Begin PBXContainerItemProxy section */
		2CA69DC11A1D65980067579B /* PBXContainerItemProxy */ = {
			isa = PBXContainerItemProxy;
			containerPortal = 2CA69D9F1A1D65980067579B /* Project object */;
			proxyType = 1;
			remoteGlobalIDString = 2CA69DA61A1D65980067579B;
			remoteInfo = AutoLayoutExample;
		};
/* End PBXContainerItemProxy section */

/* Begin PBXFileReference section */
		2CA69DA71A1D65980067579B /* AutoLayoutExample.app */ = {isa = PBXFileReference; explicitFileType = wrapper.application; includeInIndex = 0; path = AutoLayoutExample.app; sourceTree = BUILT_PRODUCTS_DIR; };
		2CA69DAB1A1D65980067579B /* Info.plist */ = {isa = PBXFileReference; lastKnownFileType = text.plist.xml; path = Info.plist; sourceTree = "<group>"; };
		2CA69DAC1A1D65980067579B /* main.m */ = {isa = PBXFileReference; lastKnownFileType = sourcecode.c.objc; path = main.m; sourceTree = "<group>"; };
		2CA69DAE1A1D65980067579B /* AppDelegate.h */ = {isa = PBXFileReference; lastKnownFileType = sourcecode.c.h; path = AppDelegate.h; sourceTree = "<group>"; };
		2CA69DAF1A1D65980067579B /* AppDelegate.m */ = {isa = PBXFileReference; lastKnownFileType = sourcecode.c.objc; path = AppDelegate.m; sourceTree = "<group>"; };
		2CA69DB11A1D65980067579B /* ViewController.h */ = {isa = PBXFileReference; lastKnownFileType = sourcecode.c.h; path = ViewController.h; sourceTree = "<group>"; };
		2CA69DB21A1D65980067579B /* ViewController.m */ = {isa = PBXFileReference; lastKnownFileType = sourcecode.c.objc; path = ViewController.m; sourceTree = "<group>"; };
		2CA69DB51A1D65980067579B /* Base */ = {isa = PBXFileReference; lastKnownFileType = file.storyboard; name = Base; path = Base.lproj/Main.storyboard; sourceTree = "<group>"; };
		2CA69DB71A1D65980067579B /* Images.xcassets */ = {isa = PBXFileReference; lastKnownFileType = folder.assetcatalog; path = Images.xcassets; sourceTree = "<group>"; };
		2CA69DBA1A1D65980067579B /* Base */ = {isa = PBXFileReference; lastKnownFileType = file.xib; name = Base; path = Base.lproj/LaunchScreen.xib; sourceTree = "<group>"; };
		2CA69DC01A1D65980067579B /* AutoLayoutExampleTests.xctest */ = {isa = PBXFileReference; explicitFileType = wrapper.cfbundle; includeInIndex = 0; path = AutoLayoutExampleTests.xctest; sourceTree = BUILT_PRODUCTS_DIR; };
		2CA69DC51A1D65980067579B /* Info.plist */ = {isa = PBXFileReference; lastKnownFileType = text.plist.xml; path = Info.plist; sourceTree = "<group>"; };
		2CA69DC61A1D65980067579B /* AutoLayoutExampleTests.m */ = {isa = PBXFileReference; lastKnownFileType = sourcecode.c.objc; path = AutoLayoutExampleTests.m; sourceTree = "<group>"; };
/* End PBXFileReference section */

/* Begin PBXFrameworksBuildPhase section */
		2CA69DA41A1D65980067579B /* Frameworks */ = {
			isa = PBXFrameworksBuildPhase;
			buildActionMask = 2147483647;
			files = (
			);
			runOnlyForDeploymentPostprocessing = 0;
		};
		2CA69DBD1A1D65980067579B /* Frameworks */ = {
			isa = PBXFrameworksBuildPhase;
			buildActionMask = 2147483647;
			files = (
			);
			runOnlyForDeploymentPostprocessing = 0;
		};
/* End PBXFrameworksBuildPhase section */

/* Begin PBXGroup section */
		2CA69D9E1A1D65980067579B = {
			isa = PBXGroup;
			children = (
				2CA69DA91A1D65980067579B /* AutoLayoutExample */,
				2CA69DC31A1D65980067579B /* AutoLayoutExampleTests */,
				2CA69DA81A1D65980067579B /* Products */,
			);
			sourceTree = "<group>";
		};
		2CA69DA81A1D65980067579B /* Products */ = {
			isa = PBXGroup;
			children = (
				2CA69DA71A1D65980067579B /* AutoLayoutExample.app */,
				2CA69DC01A1D65980067579B /* AutoLayoutExampleTests.xctest */,
			);
			name = Products;
			sourceTree = "<group>";
		};
		2CA69DA91A1D65980067579B /* AutoLayoutExample */ = {
			isa = PBXGroup;
			children = (
				2CA69DAE1A1D65980067579B /* AppDelegate.h */,
				2CA69DAF1A1D65980067579B /* AppDelegate.m */,
				2CA69DB11A1D65980067579B /* ViewController.h */,
				2CA69DB21A1D65980067579B /* ViewController.m */,
				2CA69DB41A1D65980067579B /* Main.storyboard */,
				2CA69DB71A1D65980067579B /* Images.xcassets */,
				2CA69DB91A1D65980067579B /* LaunchScreen.xib */,
				2CA69DAA1A1D65980067579B /* Supporting Files */,
			);
			path = AutoLayoutExample;
			sourceTree = "<group>";
		};
		2CA69DAA1A1D65980067579B /* Supporting Files */ = {
			isa = PBXGroup;
			children = (
				2CA69DAB1A1D65980067579B /* Info.plist */,
				2CA69DAC1A1D65980067579B /* main.m */,
			);
			name = "Supporting Files";
			sourceTree = "<group>";
		};
		2CA69DC31A1D65980067579B /* AutoLayoutExampleTests */ = {
			isa = PBXGroup;
			children = (
				2CA69DC61A1D65980067579B /* AutoLayoutExampleTests.m */,
				2CA69DC41A1D65980067579B /* Supporting Files */,
			);
			path = AutoLayoutExampleTests;
			sourceTree = "<group>";
		};
		2CA69DC41A1D65980067579B /* Supporting Files */ = {
			isa = PBXGroup;
			children = (
				2CA69DC51A1D65980067579B /* Info.plist */,
			);
			name = "Supporting Files";
			sourceTree = "<group>";
		};
/* End PBXGroup section */

/* Begin PBXNativeTarget section */
		2CA69DA61A1D65980067579B /* AutoLayoutExample */ = {
			isa = PBXNativeTarget;
			buildConfigurationList = 2CA69DCA1A1D65980067579B /* Build configuration list for PBXNativeTarget "AutoLayoutExample" */;
			buildPhases = (
				2CA69DA31A1D65980067579B /* Sources */,
				2CA69DA41A1D65980067579B /* Frameworks */,
				2CA69DA51A1D65980067579B /* Resources */,
			);
			buildRules = (
			);
			dependencies = (
			);
			name = AutoLayoutExample;
			productName = AutoLayoutExample;
			productReference = 2CA69DA71A1D65980067579B /* AutoLayoutExample.app */;
			productType = "com.apple.product-type.application";
		};
		2CA69DBF1A1D65980067579B /* AutoLayoutExampleTests */ = {
			isa = PBXNativeTarget;
			buildConfigurationList = 2CA69DCD1A1D65980067579B /* Build configuration list for PBXNativeTarget "AutoLayoutExampleTests" */;
			buildPhases = (
				2CA69DBC1A1D65980067579B /* Sources */,
				2CA69DBD1A1D65980067579B /* Frameworks */,
				2CA69DBE1A1D65980067579B /* Resources */,
			);
			buildRules = (
			);
			dependencies = (
				2CA69DC21A1D65980067579B /* PBXTargetDependency */,
			);
			name = AutoLayoutExampleTests;
			productName = AutoLayoutExampleTests;
			productReference = 2CA69DC01A1D65980067579B /* AutoLayoutExampleTests.xctest */;
			productType = "com.apple.product-type.bundle.unit-test";
		};
/* End PBXNativeTarget section */

/* Begin PBXProject section */
		2CA69D9F1A1D65980067579B /* Project object */ = {
			isa = PBXProject;
			attributes = {
				LastUpgradeCheck = 0610;
				ORGANIZATIONNAME = "Dario Carlomagno";
				TargetAttributes = {
					2CA69DA61A1D65980067579B = {
						CreatedOnToolsVersion = 6.1;
					};
					2CA69DBF1A1D65980067579B = {
						CreatedOnToolsVersion = 6.1;
						TestTargetID = 2CA69DA61A1D65980067579B;
					};
				};
			};
			buildConfigurationList = 2CA69DA21A1D65980067579B /* Build configuration list for PBXProject "AutoLayoutExample" */;
			compatibilityVersion = "Xcode 3.2";
			developmentRegion = English;
			hasScannedForEncodings = 0;
			knownRegions = (
				en,
				Base,
			);
			mainGroup = 2CA69D9E1A1D65980067579B;
			productRefGroup = 2CA69DA81A1D65980067579B /* Products */;
			projectDirPath = "";
			projectRoot = "";
			targets = (
				2CA69DA61A1D65980067579B /* AutoLayoutExample */,
				2CA69DBF1A1D65980067579B /* AutoLayoutExampleTests */,
			);
		};
/* End PBXProject section */

/* Begin PBXResourcesBuildPhase section */
		2CA69DA51A1D65980067579B /* Resources */ = {
			isa = PBXResourcesBuildPhase;
			buildActionMask = 2147483647;
			files = (
				2CA69DB61A1D65980067579B /* Main.storyboard in Resources */,
				2CA69DBB1A1D65980067579B /* LaunchScreen.xib in Resources */,
				2CA69DB81A1D65980067579B /* Images.xcassets in Resources */,
			);
			runOnlyForDeploymentPostprocessing = 0;
		};
		2CA69DBE1A1D65980067579B /* Resources */ = {
			isa = PBXResourcesBuildPhase;
			buildActionMask = 2147483647;
			files = (
			);
			runOnlyForDeploymentPostprocessing = 0;
		};
/* End PBXResourcesBuildPhase section */

/* Begin PBXSourcesBuildPhase section */
		2CA69DA31A1D65980067579B /* Sources */ = {
			isa = PBXSourcesBuildPhase;
			buildActionMask = 2147483647;
			files = (
				2CA69DB31A1D65980067579B /* ViewController.m in Sources */,
				2CA69DB01A1D65980067579B /* AppDelegate.m in Sources */,
				2CA69DAD1A1D65980067579B /* main.m in Sources */,
			);
			runOnlyForDeploymentPostprocessing = 0;
		};
		2CA69DBC1A1D65980067579B /* Sources */ = {
			isa = PBXSourcesBuildPhase;
			buildActionMask = 2147483647;
			files = (
				2CA69DC71A1D65980067579B /* AutoLayoutExampleTests.m in Sources */,
			);
			runOnlyForDeploymentPostprocessing = 0;
		};
/* End PBXSourcesBuildPhase section */

/* Begin PBXTargetDependency section */
		2CA69DC21A1D65980067579B /* PBXTargetDependency */ = {
			isa = PBXTargetDependency;
			target = 2CA69DA61A1D65980067579B /* AutoLayoutExample */;
			targetProxy = 2CA69DC11A1D65980067579B /* PBXContainerItemProxy */;
		};
/* End PBXTargetDependency section */

/* Begin PBXVariantGroup section */
		2CA69DB41A1D65980067579B /* Main.storyboard */ = {
			isa = PBXVariantGroup;
			children = (
				2CA69DB51A1D65980067579B /* Base */,
			);
			name = Main.storyboard;
			sourceTree = "<group>";
		};
		2CA69DB91A1D65980067579B /* LaunchScreen.xib */ = {
			isa = PBXVariantGroup;
			children = (
				2CA69DBA1A1D65980067579B /* Base */,
			);
			name = LaunchScreen.xib;
			sourceTree = "<group>";
		};
/* End PBXVariantGroup section */

/* Begin XCBuildConfiguration section */
		2CA69DC81A1D65980067579B /* Debug */ = {
			isa = XCBuildConfiguration;
			buildSettings = {
				ALWAYS_SEARCH_USER_PATHS = NO;
				CLANG_CXX_LANGUAGE_STANDARD = "gnu++0x";
				CLANG_CXX_LIBRARY = "libc++";
				CLANG_ENABLE_MODULES = YES;
				CLANG_ENABLE_OBJC_ARC = YES;
				CLANG_WARN_BOOL_CONVERSION = YES;
				CLANG_WARN_CONSTANT_CONVERSION = YES;
				CLANG_WARN_DIRECT_OBJC_ISA_USAGE = YES_ERROR;
				CLANG_WARN_EMPTY_BODY = YES;
				CLANG_WARN_ENUM_CONVERSION = YES;
				CLANG_WARN_INT_CONVERSION = YES;
				CLANG_WARN_OBJC_ROOT_CLASS = YES_ERROR;
				CLANG_WARN_UNREACHABLE_CODE = YES;
				CLANG_WARN__DUPLICATE_METHOD_MATCH = YES;
				"CODE_SIGN_IDENTITY[sdk=iphoneos*]" = "iPhone Developer";
				COPY_PHASE_STRIP = NO;
				ENABLE_STRICT_OBJC_MSGSEND = YES;
				GCC_C_LANGUAGE_STANDARD = gnu99;
				GCC_DYNAMIC_NO_PIC = NO;
				GCC_OPTIMIZATION_LEVEL = 0;
				GCC_PREPROCESSOR_DEFINITIONS = (
					"DEBUG=1",
					"$(inherited)",
				);
				GCC_SYMBOLS_PRIVATE_EXTERN = NO;
				GCC_WARN_64_TO_32_BIT_CONVERSION = YES;
				GCC_WARN_ABOUT_RETURN_TYPE = YES_ERROR;
				GCC_WARN_UNDECLARED_SELECTOR = YES;
				GCC_WARN_UNINITIALIZED_AUTOS = YES_AGGRESSIVE;
				GCC_WARN_UNUSED_FUNCTION = YES;
				GCC_WARN_UNUSED_VARIABLE = YES;
				IPHONEOS_DEPLOYMENT_TARGET = 8.1;
				MTL_ENABLE_DEBUG_INFO = YES;
				ONLY_ACTIVE_ARCH = YES;
				SDKROOT = iphoneos;
			};
			name = Debug;
		};
		2CA69DC91A1D65980067579B /* Release */ = {
			isa = XCBuildConfiguration;
			buildSettings = {
				ALWAYS_SEARCH_USER_PATHS = NO;
				CLANG_CXX_LANGUAGE_STANDARD = "gnu++0x";
				CLANG_CXX_LIBRARY = "libc++";
				CLANG_ENABLE_MODULES = YES;
				CLANG_ENABLE_OBJC_ARC = YES;
				CLANG_WARN_BOOL_CONVERSION = YES;
				CLANG_WARN_CONSTANT_CONVERSION = YES;
				CLANG_WARN_DIRECT_OBJC_ISA_USAGE = YES_ERROR;
				CLANG_WARN_EMPTY_BODY = YES;
				CLANG_WARN_ENUM_CONVERSION = YES;
				CLANG_WARN_INT_CONVERSION = YES;
				CLANG_WARN_OBJC_ROOT_CLASS = YES_ERROR;
				CLANG_WARN_UNREACHABLE_CODE = YES;
				CLANG_WARN__DUPLICATE_METHOD_MATCH = YES;
				"CODE_SIGN_IDENTITY[sdk=iphoneos*]" = "iPhone Developer";
				COPY_PHASE_STRIP = YES;
				ENABLE_NS_ASSERTIONS = NO;
				ENABLE_STRICT_OBJC_MSGSEND = YES;
				GCC_C_LANGUAGE_STANDARD = gnu99;
				GCC_WARN_64_TO_32_BIT_CONVERSION = YES;
				GCC_WARN_ABOUT_RETURN_TYPE = YES_ERROR;
				GCC_WARN_UNDECLARED_SELECTOR = YES;
				GCC_WARN_UNINITIALIZED_AUTOS = YES_AGGRESSIVE;
				GCC_WARN_UNUSED_FUNCTION = YES;
				GCC_WARN_UNUSED_VARIABLE = YES;
				IPHONEOS_DEPLOYMENT_TARGET = 8.1;
				MTL_ENABLE_DEBUG_INFO = NO;
				SDKROOT = iphoneos;
				VALIDATE_PRODUCT = YES;
			};
			name = Release;
		};
		2CA69DCB1A1D65980067579B /* Debug */ = {
			isa = XCBuildConfiguration;
			buildSettings = {
				ASSETCATALOG_COMPILER_APPICON_NAME = AppIcon;
				INFOPLIST_FILE = AutoLayoutExample/Info.plist;
				LD_RUNPATH_SEARCH_PATHS = "$(inherited) @executable_path/Frameworks";
				PRODUCT_NAME = "$(TARGET_NAME)";
			};
			name = Debug;
		};
		2CA69DCC1A1D65980067579B /* Release */ = {
			isa = XCBuildConfiguration;
			buildSettings = {
				ASSETCATALOG_COMPILER_APPICON_NAME = AppIcon;
				INFOPLIST_FILE = AutoLayoutExample/Info.plist;
				LD_RUNPATH_SEARCH_PATHS = "$(inherited) @executable_path/Frameworks";
				PRODUCT_NAME = "$(TARGET_NAME)";
			};
			name = Release;
		};
		2CA69DCE1A1D65980067579B /* Debug */ = {
			isa = XCBuildConfiguration;
			buildSettings = {
				BUNDLE_LOADER = "$(TEST_HOST)";
				FRAMEWORK_SEARCH_PATHS = (
					"$(SDKROOT)/Developer/Library/Frameworks",
					"$(inherited)",
				);
				GCC_PREPROCESSOR_DEFINITIONS = (
					"DEBUG=1",
					"$(inherited)",
				);
				INFOPLIST_FILE = AutoLayoutExampleTests/Info.plist;
				LD_RUNPATH_SEARCH_PATHS = "$(inherited) @executable_path/Frameworks @loader_path/Frameworks";
				PRODUCT_NAME = "$(TARGET_NAME)";
				TEST_HOST = "$(BUILT_PRODUCTS_DIR)/AutoLayoutExample.app/AutoLayoutExample";
			};
			name = Debug;
		};
		2CA69DCF1A1D65980067579B /* Release */ = {
			isa = XCBuildConfiguration;
			buildSettings = {
				BUNDLE_LOADER = "$(TEST_HOST)";
				FRAMEWORK_SEARCH_PATHS = (
					"$(SDKROOT)/Developer/Library/Frameworks",
					"$(inherited)",
				);
				INFOPLIST_FILE = AutoLayoutExampleTests/Info.plist;
				LD_RUNPATH_SEARCH_PATHS = "$(inherited) @executable_path/Frameworks @loader_path/Frameworks";
				PRODUCT_NAME = "$(TARGET_NAME)";
				TEST_HOST = "$(BUILT_PRODUCTS_DIR)/AutoLayoutExample.app/AutoLayoutExample";
			};
			name = Release;
		};
/* End XCBuildConfiguration section */

/* Begin XCConfigurationList section */
		2CA69DA21A1D65980067579B /* Build configuration list for PBXProject "AutoLayoutExample" */ = {
			isa = XCConfigurationList;
			buildConfigurations = (
				2CA69DC81A1D65980067579B /* Debug */,
				2CA69DC91A1D65980067579B /* Release */,
			);
			defaultConfigurationIsVisible = 0;
			defaultConfigurationName = Release;
		};
		2CA69DCA1A1D65980067579B /* Build configuration list for PBXNativeTarget "AutoLayoutExample" */ = {
			isa = XCConfigurationList;
			buildConfigurations = (
				2CA69DCB1A1D65980067579B /* Debug */,
				2CA69DCC1A1D65980067579B /* Release */,
			);
			defaultConfigurationIsVisible = 0;
		};
		2CA69DCD1A1D65980067579B /* Build configuration list for PBXNativeTarget "AutoLayoutExampleTests" */ = {
			isa = XCConfigurationList;
			buildConfigurations = (
				2CA69DCE1A1D65980067579B /* Debug */,
				2CA69DCF1A1D65980067579B /* Release */,
			);
			defaultConfigurationIsVisible = 0;
		};
/* End XCConfigurationList section */
	};
	rootObject = 2CA69D9F1A1D65980067579B /* Project object */;
}
